
Microsoft Visual Studio Solution File, Format Version 12.00
# Visual Studio Version 17
VisualStudioVersion = 17.5.33414.496
MinimumVisualStudioVersion = 10.0.40219.1
Project("{FAE04EC0-301F-11D3-BF4B-00C04F79EFBC}") = "CustomerInfo", "CustomerInfo\CustomerInfo.csproj", "{A57D3F28-6CC7-4EFF-882F-1C311D5B4995}"
EndProject
Global
	GlobalSection(SolutionConfigurationPlatforms) = preSolution
		Debug|Any CPU = Debug|Any CPU
		Release|Any CPU = Release|Any CPU
	EndGlobalSection
	GlobalSection(ProjectConfigurationPlatforms) = postSolution
		{A57D3F28-6CC7-4EFF-882F-1C311D5B4995}.Debug|Any CPU.ActiveCfg = Debug|Any CPU
		{A57D3F28-6CC7-4EFF-882F-1C311D5B4995}.Debug|Any CPU.Build.0 = Debug|Any CPU
		{A57D3F28-6CC7-4EFF-882F-1C311D5B4995}.Release|Any CPU.ActiveCfg = Release|Any CPU
		{A57D3F28-6CC7-4EFF-882F-1C311D5B4995}.Release|Any CPU.Build.0 = Release|Any CPU
	EndGlobalSection
	GlobalSection(SolutionProperties) = preSolution
		HideSolutionNode = FALSE
	EndGlobalSection
	GlobalSection(ExtensibilityGlobals) = postSolution
		SolutionGuid = {FD5AA695-B16B-4328-B634-0C07DD44E6B8}
	EndGlobalSection
EndGlobal
